{
  "name": "assets",
  "version": "1.0.0",
  "lockfileVersion": 2,
  "requires": true,
  "packages": {
    "": {
      "version": "1.0.0",
      "license": "ISC",
      "dependencies": {
        "@formkit/auto-animate": "*"
      }
    },
    "node_modules/@formkit/auto-animate": {
      "version": "1.0.0-beta.1",
      "resolved": "https://registry.npmjs.org/@formkit/auto-animate/-/auto-animate-1.0.0-beta.1.tgz",
      "integrity": "sha512-I3OWOBaPZKSJL4bsooXI8kC3q7bcgibD2oML0P/Lir6MnbvUe/0/7EH8br024juvM/Ulm9C9xGx9CJUQYrOWSA==",
      "peerDependencies": {
        "react": "^16.8.0",
        "vue": "^3.0.0"
      },
      "peerDependenciesMeta": {
        "react": {
          "optional": true
        },
        "vue": {
          "optional": true
        }
      }
    }
  },
  "dependencies": {
    "@formkit/auto-animate": {
      "version": "1.0.0-beta.1",
      "resolved": "https://registry.npmjs.org/@formkit/auto-animate/-/auto-animate-1.0.0-beta.1.tgz",
      "integrity": "sha512-I3OWOBaPZKSJL4bsooXI8kC3q7bcgibD2oML0P/Lir6MnbvUe/0/7EH8br024juvM/Ulm9C9xGx9CJUQYrOWSA==",
      "requires": {}
    }
  }
}
